// !$*UTF8*$!
{
	archiveVersion = 1;
	classes = {
	};
	objectVersion = 46;
	objects = {

/* Begin PBXBuildFile section */
		A20EDBC61EDC022A0032EB19 /* AppDelegate.swift in Sources */ = {isa = PBXBuildFile; fileRef = A20EDBC51EDC022A0032EB19 /* AppDelegate.swift */; };
		A20EDBC81EDC022A0032EB19 /* ViewController.swift in Sources */ = {isa = PBXBuildFile; fileRef = A20EDBC71EDC022A0032EB19 /* ViewController.swift */; };
		A20EDBCB1EDC022A0032EB19 /* Main.storyboard in Resources */ = {isa = PBXBuildFile; fileRef = A20EDBC91EDC022A0032EB19 /* Main.storyboard */; };
		A20EDBCD1EDC022A0032EB19 /* Assets.xcassets in Resources */ = {isa = PBXBuildFile; fileRef = A20EDBCC1EDC022A0032EB19 /* Assets.xcassets */; };
		A20EDBD01EDC022A0032EB19 /* LaunchScreen.storyboard in Resources */ = {isa = PBXBuildFile; fileRef = A20EDBCE1EDC022A0032EB19 /* LaunchScreen.storyboard */; };
		A20EDBD91EDC035A0032EB19 /* SecondViewController.swift in Sources */ = {isa = PBXBuildFile; fileRef = A20EDBD81EDC035A0032EB19 /* SecondViewController.swift */; };
/* End PBXBuildFile section */

/* Begin PBXFileReference section */
		A20EDBC21EDC022A0032EB19 /* Delegates and Protocols.app */ = {isa = PBXFileReference; explicitFileType = wrapper.application; includeInIndex = 0; path = "Delegates and Protocols.app"; sourceTree = BUILT_PRODUCTS_DIR; };
		A20EDBC51EDC022A0032EB19 /* AppDelegate.swift */ = {isa = PBXFileReference; lastKnownFileType = sourcecode.swift; path = AppDelegate.swift; sourceTree = "<group>"; };
		A20EDBC71EDC022A0032EB19 /* ViewController.swift */ = {isa = PBXFileReference; lastKnownFileType = sourcecode.swift; path = ViewController.swift; sourceTree = "<group>"; };
		A20EDBCA1EDC022A0032EB19 /* Base */ = {isa = PBXFileReference; lastKnownFileType = file.storyboard; name = Base; path = Base.lproj/Main.storyboard; sourceTree = "<group>"; };
		A20EDBCC1EDC022A0032EB19 /* Assets.xcassets */ = {isa = PBXFileReference; lastKnownFileType = folder.assetcatalog; path = Assets.xcassets; sourceTree = "<group>"; };
		A20EDBCF1EDC022A0032EB19 /* Base */ = {isa = PBXFileReference; lastKnownFileType = file.storyboard; name = Base; path = Base.lproj/LaunchScreen.storyboard; sourceTree = "<group>"; };
		A20EDBD11EDC022A0032EB19 /* Info.plist */ = {isa = PBXFileReference; lastKnownFileType = text.plist.xml; path = Info.plist; sourceTree = "<group>"; };
		A20EDBD81EDC035A0032EB19 /* SecondViewController.swift */ = {isa = PBXFileReference; fileEncoding = 4; lastKnownFileType = sourcecode.swift; path = SecondViewController.swift; sourceTree = "<group>"; };
/* End PBXFileReference section */

/* Begin PBXFrameworksBuildPhase section */
		A20EDBBF1EDC022A0032EB19 /* Frameworks */ = {
			isa = PBXFrameworksBuildPhase;
			buildActionMask = 2147483647;
			files = (
			);
			runOnlyForDeploymentPostprocessing = 0;
		};
/* End PBXFrameworksBuildPhase section */

/* Begin PBXGroup section */
		A20EDBB91EDC022A0032EB19 = {
			isa = PBXGroup;
			children = (
				A20EDBC41EDC022A0032EB19 /* Delegates and Protocols */,
				A20EDBC31EDC022A0032EB19 /* Products */,
			);
			sourceTree = "<group>";
		};
		A20EDBC31EDC022A0032EB19 /* Products */ = {
			isa = PBXGroup;
			children = (
				A20EDBC21EDC022A0032EB19 /* Delegates and Protocols.app */,
			);
			name = Products;
			sourceTree = "<group>";
		};
		A20EDBC41EDC022A0032EB19 /* Delegates and Protocols */ = {
			isa = PBXGroup;
			children = (
				A20EDBD71EDC02460032EB19 /* Supporting files */,
				A20EDBC71EDC022A0032EB19 /* ViewController.swift */,
				A20EDBD81EDC035A0032EB19 /* SecondViewController.swift */,
				A20EDBC91EDC022A0032EB19 /* Main.storyboard */,
			);
			path = "Delegates and Protocols";
			sourceTree = "<group>";
		};
		A20EDBD71EDC02460032EB19 /* Supporting files */ = {
			isa = PBXGroup;
			children = (
				A20EDBC51EDC022A0032EB19 /* AppDelegate.swift */,
				A20EDBCC1EDC022A0032EB19 /* Assets.xcassets */,
				A20EDBCE1EDC022A0032EB19 /* LaunchScreen.storyboard */,
				A20EDBD11EDC022A0032EB19 /* Info.plist */,
			);
			name = "Supporting files";
			sourceTree = "<group>";
		};
/* End PBXGroup section */

/* Begin PBXNativeTarget section */
		A20EDBC11EDC022A0032EB19 /* Delegates and Protocols */ = {
			isa = PBXNativeTarget;
			buildConfigurationList = A20EDBD41EDC022A0032EB19 /* Build configuration list for PBXNativeTarget "Delegates and Protocols" */;
			buildPhases = (
				A20EDBBE1EDC022A0032EB19 /* Sources */,
				A20EDBBF1EDC022A0032EB19 /* Frameworks */,
				A20EDBC01EDC022A0032EB19 /* Resources */,
			);
			buildRules = (
			);
			dependencies = (
			);
			name = "Delegates and Protocols";
			productName = "Delegates and Protocols";
			productReference = A20EDBC21EDC022A0032EB19 /* Delegates and Protocols.app */;
			productType = "com.apple.product-type.application";
		};
/* End PBXNativeTarget section */

/* Begin PBXProject section */
		A20EDBBA1EDC022A0032EB19 /* Project object */ = {
			isa = PBXProject;
			attributes = {
				LastSwiftUpdateCheck = 0820;
				LastUpgradeCheck = 0820;
				ORGANIZATIONNAME = "Vasanth Kumar Velusamy01";
				TargetAttributes = {
					A20EDBC11EDC022A0032EB19 = {
						CreatedOnToolsVersion = 8.2.1;
						ProvisioningStyle = Automatic;
					};
				};
			};
			buildConfigurationList = A20EDBBD1EDC022A0032EB19 /* Build configuration list for PBXProject "Delegates and Protocols" */;
			compatibilityVersion = "Xcode 3.2";
			developmentRegion = English;
			hasScannedForEncodings = 0;
			knownRegions = (
				en,
				Base,
			);
			mainGroup = A20EDBB91EDC022A0032EB19;
			productRefGroup = A20EDBC31EDC022A0032EB19 /* Products */;
			projectDirPath = "";
			projectRoot = "";
			targets = (
				A20EDBC11EDC022A0032EB19 /* Delegates and Protocols */,
			);
		};
/* End PBXProject section */

/* Begin PBXResourcesBuildPhase section */
		A20EDBC01EDC022A0032EB19 /* Resources */ = {
			isa = PBXResourcesBuildPhase;
			buildActionMask = 2147483647;
			files = (
				A20EDBD01EDC022A0032EB19 /* LaunchScreen.storyboard in Resources */,
				A20EDBCD1EDC022A0032EB19 /* Assets.xcassets in Resources */,
				A20EDBCB1EDC022A0032EB19 /* Main.storyboard in Resources */,
			);
			runOnlyForDeploymentPostprocessing = 0;
		};
/* End PBXResourcesBuildPhase section */

/* Begin PBXSourcesBuildPhase section */
		A20EDBBE1EDC022A0032EB19 /* Sources */ = {
			isa = PBXSourcesBuildPhase;
			buildActionMask = 2147483647;
			files = (
				A20EDBD91EDC035A0032EB19 /* SecondViewController.swift in Sources */,
				A20EDBC81EDC022A0032EB19 /* ViewController.swift in Sources */,
				A20EDBC61EDC022A0032EB19 /* AppDelegate.swift in Sources */,
			);
			runOnlyForDeploymentPostprocessing = 0;
		};
/* End PBXSourcesBuildPhase section */

/* Begin PBXVariantGroup section */
		A20EDBC91EDC022A0032EB19 /* Main.storyboard */ = {
			isa = PBXVariantGroup;
			children = (
				A20EDBCA1EDC022A0032EB19 /* Base */,
			);
			name = Main.storyboard;
			sourceTree = "<group>";
		};
		A20EDBCE1EDC022A0032EB19 /* LaunchScreen.storyboard */ = {
			isa = PBXVariantGroup;
			children = (
				A20EDBCF1EDC022A0032EB19 /* Base */,
			);
			name = LaunchScreen.storyboard;
			sourceTree = "<group>";
		};
/* End PBXVariantGroup section */

/* Begin XCBuildConfiguration section */
		A20EDBD21EDC022A0032EB19 /* Debug */ = {
			isa = XCBuildConfiguration;
			buildSettings = {
				ALWAYS_SEARCH_USER_PATHS = NO;
				CLANG_ANALYZER_NONNULL = YES;
				CLANG_CXX_LANGUAGE_STANDARD = "gnu++0x";
				CLANG_CXX_LIBRARY = "libc++";
				CLANG_ENABLE_MODULES = YES;
				CLANG_ENABLE_OBJC_ARC = YES;
				CLANG_WARN_BOOL_CONVERSION = YES;
				CLANG_WARN_CONSTANT_CONVERSION = YES;
				CLANG_WARN_DIRECT_OBJC_ISA_USAGE = YES_ERROR;
				CLANG_WARN_DOCUMENTATION_COMMENTS = YES;
				CLANG_WARN_EMPTY_BODY = YES;
				CLANG_WARN_ENUM_CONVERSION = YES;
				CLANG_WARN_INFINITE_RECURSION = YES;
				CLANG_WARN_INT_CONVERSION = YES;
				CLANG_WARN_OBJC_ROOT_CLASS = YES_ERROR;
				CLANG_WARN_SUSPICIOUS_MOVE = YES;
				CLANG_WARN_UNREACHABLE_CODE = YES;
				CLANG_WARN__DUPLICATE_METHOD_MATCH = YES;
				"CODE_SIGN_IDENTITY[sdk=iphoneos*]" = "iPhone Developer";
				COPY_PHASE_STRIP = NO;
				DEBUG_INFORMATION_FORMAT = dwarf;
				ENABLE_STRICT_OBJC_MSGSEND = YES;
				ENABLE_TESTABILITY = YES;
				GCC_C_LANGUAGE_STANDARD = gnu99;
				GCC_DYNAMIC_NO_PIC = NO;
				GCC_NO_COMMON_BLOCKS = YES;
				GCC_OPTIMIZATION_LEVEL = 0;
				GCC_PREPROCESSOR_DEFINITIONS = (
					"DEBUG=1",
					"$(inherited)",
				);
				GCC_WARN_64_TO_32_BIT_CONVERSION = YES;
				GCC_WARN_ABOUT_RETURN_TYPE = YES_ERROR;
				GCC_WARN_UNDECLARED_SELECTOR = YES;
				GCC_WARN_UNINITIALIZED_AUTOS = YES_AGGRESSIVE;
				GCC_WARN_UNUSED_FUNCTION = YES;
				GCC_WARN_UNUSED_VARIABLE = YES;
				IPHONEOS_DEPLOYMENT_TARGET = 10.2;
				MTL_ENABLE_DEBUG_INFO = YES;
				ONLY_ACTIVE_ARCH = YES;
				SDKROOT = iphoneos;
				SWIFT_ACTIVE_COMPILATION_CONDITIONS = DEBUG;
				SWIFT_OPTIMIZATION_LEVEL = "-Onone";
				TARGETED_DEVICE_FAMILY = "1,2";
			};
			name = Debug;
		};
		A20EDBD31EDC022A0032EB19 /* Release */ = {
			isa = XCBuildConfiguration;
			buildSettings = {
				ALWAYS_SEARCH_USER_PATHS = NO;
				CLANG_ANALYZER_NONNULL = YES;
				CLANG_CXX_LANGUAGE_STANDARD = "gnu++0x";
				CLANG_CXX_LIBRARY = "libc++";
				CLANG_ENABLE_MODULES = YES;
				CLANG_ENABLE_OBJC_ARC = YES;
				CLANG_WARN_BOOL_CONVERSION = YES;
				CLANG_WARN_CONSTANT_CONVERSION = YES;
				CLANG_WARN_DIRECT_OBJC_ISA_USAGE = YES_ERROR;
				CLANG_WARN_DOCUMENTATION_COMMENTS = YES;
				CLANG_WARN_EMPTY_BODY = YES;
				CLANG_WARN_ENUM_CONVERSION = YES;
				CLANG_WARN_INFINITE_RECURSION = YES;
				CLANG_WARN_INT_CONVERSION = YES;
				CLANG_WARN_OBJC_ROOT_CLASS = YES_ERROR;
				CLANG_WARN_SUSPICIOUS_MOVE = YES;
				CLANG_WARN_UNREACHABLE_CODE = YES;
				CLANG_WARN__DUPLICATE_METHOD_MATCH = YES;
				"CODE_SIGN_IDENTITY[sdk=iphoneos*]" = "iPhone Developer";
				COPY_PHASE_STRIP = NO;
				DEBUG_INFORMATION_FORMAT = "dwarf-with-dsym";
				ENABLE_NS_ASSERTIONS = NO;
				ENABLE_STRICT_OBJC_MSGSEND = YES;
				GCC_C_LANGUAGE_STANDARD = gnu99;
				GCC_NO_COMMON_BLOCKS = YES;
				GCC_WARN_64_TO_32_BIT_CONVERSION = YES;
				GCC_WARN_ABOUT_RETURN_TYPE = YES_ERROR;
				GCC_WARN_UNDECLARED_SELECTOR = YES;
				GCC_WARN_UNINITIALIZED_AUTOS = YES_AGGRESSIVE;
				GCC_WARN_UNUSED_FUNCTION = YES;
				GCC_WARN_UNUSED_VARIABLE = YES;
				IPHONEOS_DEPLOYMENT_TARGET = 10.2;
				MTL_ENABLE_DEBUG_INFO = NO;
				SDKROOT = iphoneos;
				SWIFT_OPTIMIZATION_LEVEL = "-Owholemodule";
				TARGETED_DEVICE_FAMILY = "1,2";
				VALIDATE_PRODUCT = YES;
			};
			name = Release;
		};
		A20EDBD51EDC022A0032EB19 /* Debug */ = {
			isa = XCBuildConfiguration;
			buildSettings = {
				ASSETCATALOG_COMPILER_APPICON_NAME = AppIcon;
				INFOPLIST_FILE = "Delegates and Protocols/Info.plist";
				LD_RUNPATH_SEARCH_PATHS = "$(inherited) @executable_path/Frameworks";
				PRODUCT_BUNDLE_IDENTIFIER = "vvapps.Delegates-and-Protocols";
				PRODUCT_NAME = "$(TARGET_NAME)";
				SWIFT_VERSION = 3.0;
			};
			name = Debug;
		};
		A20EDBD61EDC022A0032EB19 /* Release */ = {
			isa = XCBuildConfiguration;
			buildSettings = {
				ASSETCATALOG_COMPILER_APPICON_NAME = AppIcon;
				INFOPLIST_FILE = "Delegates and Protocols/Info.plist";
				LD_RUNPATH_SEARCH_PATHS = "$(inherited) @executable_path/Frameworks";
				PRODUCT_BUNDLE_IDENTIFIER = "vvapps.Delegates-and-Protocols";
				PRODUCT_NAME = "$(TARGET_NAME)";
				SWIFT_VERSION = 3.0;
			};
			name = Release;
		};
/* End XCBuildConfiguration section */

/* Begin XCConfigurationList section */
		A20EDBBD1EDC022A0032EB19 /* Build configuration list for PBXProject "Delegates and Protocols" */ = {
			isa = XCConfigurationList;
			buildConfigurations = (
				A20EDBD21EDC022A0032EB19 /* Debug */,
				A20EDBD31EDC022A0032EB19 /* Release */,
			);
			defaultConfigurationIsVisible = 0;
			defaultConfigurationName = Release;
		};
		A20EDBD41EDC022A0032EB19 /* Build configuration list for PBXNativeTarget "Delegates and Protocols" */ = {
			isa = XCConfigurationList;
			buildConfigurations = (
				A20EDBD51EDC022A0032EB19 /* Debug */,
				A20EDBD61EDC022A0032EB19 /* Release */,
			);
			defaultConfigurationIsVisible = 0;
		};
/* End XCConfigurationList section */
	};
	rootObject = A20EDBBA1EDC022A0032EB19 /* Project object */;
}
